// !$*UTF8*$!
{
	archiveVersion = 1;
	classes = {
	};
	objectVersion = 46;
	objects = {

/* Begin PBXBuildFile section */
		0997B6001B32C442000534BE /* Dish.swift in Sources */ = {isa = PBXBuildFile; fileRef = 0997B5FF1B32C442000534BE /* Dish.swift */; };
		0997B6021B32C4E7000534BE /* RecipesTableViewController.swift in Sources */ = {isa = PBXBuildFile; fileRef = 0997B6011B32C4E7000534BE /* RecipesTableViewController.swift */; };
		0997B6041B32C664000534BE /* RecipesDishTableViewCell.swift in Sources */ = {isa = PBXBuildFile; fileRef = 0997B6031B32C664000534BE /* RecipesDishTableViewCell.swift */; };
		0997B6071B3672F6000534BE /* RecipesVideoViewController.swift in Sources */ = {isa = PBXBuildFile; fileRef = 0997B6061B3672F6000534BE /* RecipesVideoViewController.swift */; };
		3B0ADD431B29298000692ABE /* Videos.storyboard in Resources */ = {isa = PBXBuildFile; fileRef = 3B0ADD421B29298000692ABE /* Videos.storyboard */; };
		3B0ADD451B29299000692ABE /* Recipes.storyboard in Resources */ = {isa = PBXBuildFile; fileRef = 3B0ADD441B29299000692ABE /* Recipes.storyboard */; };
		3B0ADD471B29299D00692ABE /* Collections.storyboard in Resources */ = {isa = PBXBuildFile; fileRef = 3B0ADD461B29299D00692ABE /* Collections.storyboard */; };
		3B0ADD491B2929A900692ABE /* QandA.storyboard in Resources */ = {isa = PBXBuildFile; fileRef = 3B0ADD481B2929A900692ABE /* QandA.storyboard */; };
		3B0ADD4B1B2929B700692ABE /* ExternalLinks.storyboard in Resources */ = {isa = PBXBuildFile; fileRef = 3B0ADD4A1B2929B700692ABE /* ExternalLinks.storyboard */; };
		3B0ADD4D1B2929C900692ABE /* Scratchcard.storyboard in Resources */ = {isa = PBXBuildFile; fileRef = 3B0ADD4C1B2929C800692ABE /* Scratchcard.storyboard */; };
		3B0ADD4F1B292E4600692ABE /* VideosViewController.swift in Sources */ = {isa = PBXBuildFile; fileRef = 3B0ADD4E1B292E4600692ABE /* VideosViewController.swift */; };
		3B0ADD511B292E5300692ABE /* ShowInfoViewController.swift in Sources */ = {isa = PBXBuildFile; fileRef = 3B0ADD501B292E5300692ABE /* ShowInfoViewController.swift */; };
		3B0ADD531B292E5C00692ABE /* RecipesViewController.swift in Sources */ = {isa = PBXBuildFile; fileRef = 3B0ADD521B292E5C00692ABE /* RecipesViewController.swift */; };
		3B0ADD551B292E6500692ABE /* CollectionsViewController.swift in Sources */ = {isa = PBXBuildFile; fileRef = 3B0ADD541B292E6500692ABE /* CollectionsViewController.swift */; };
		3B0ADD571B292E6D00692ABE /* QandAViewController.swift in Sources */ = {isa = PBXBuildFile; fileRef = 3B0ADD561B292E6D00692ABE /* QandAViewController.swift */; };
		3B0ADD591B292E7600692ABE /* ExternalLinksViewController.swift in Sources */ = {isa = PBXBuildFile; fileRef = 3B0ADD581B292E7600692ABE /* ExternalLinksViewController.swift */; };
		3B0ADD5B1B292E8300692ABE /* ScratchcardViewController.swift in Sources */ = {isa = PBXBuildFile; fileRef = 3B0ADD5A1B292E8300692ABE /* ScratchcardViewController.swift */; };
		3B1FDEB41B370AC100A41EE4 /* ShowInfoTabBarViewController.swift in Sources */ = {isa = PBXBuildFile; fileRef = 3B1FDEB31B370AC100A41EE4 /* ShowInfoTabBarViewController.swift */; };
		3B1FDEB61B370BC200A41EE4 /* TeacherInfoViewController.swift in Sources */ = {isa = PBXBuildFile; fileRef = 3B1FDEB51B370BC200A41EE4 /* TeacherInfoViewController.swift */; };
		3B3AD71D1B293CF700B3498A /* SwiftyJSON.framework in Frameworks */ = {isa = PBXBuildFile; fileRef = 3B3AD71C1B293CF700B3498A /* SwiftyJSON.framework */; };
		3B4A56CA1B27BB7C00B35466 /* Alamofire.framework in Frameworks */ = {isa = PBXBuildFile; fileRef = 3B4A56C71B27BB5900B35466 /* Alamofire.framework */; };
		3B4A56CC1B27BB8300B35466 /* Realm.framework in Frameworks */ = {isa = PBXBuildFile; fileRef = 3B4A56CB1B27BB8300B35466 /* Realm.framework */; };
		3B4A56CE1B27BB8600B35466 /* RealmSwift.framework in Frameworks */ = {isa = PBXBuildFile; fileRef = 3B4A56CD1B27BB8600B35466 /* RealmSwift.framework */; };
		3B4A56D01B27BB8B00B35466 /* XCDYouTubeKit.framework in Frameworks */ = {isa = PBXBuildFile; fileRef = 3B4A56CF1B27BB8B00B35466 /* XCDYouTubeKit.framework */; };
		3B4A56D41B27C53700B35466 /* ShowInfo.storyboard in Resources */ = {isa = PBXBuildFile; fileRef = 3B4A56D31B27C53700B35466 /* ShowInfo.storyboard */; };
		3B5A41C51B248BBB00EBD78E /* AppDelegate.swift in Sources */ = {isa = PBXBuildFile; fileRef = 3B5A41C41B248BBB00EBD78E /* AppDelegate.swift */; };
		3B5A41CC1B248BBB00EBD78E /* Images.xcassets in Resources */ = {isa = PBXBuildFile; fileRef = 3B5A41CB1B248BBB00EBD78E /* Images.xcassets */; };
		3B5A41CF1B248BBB00EBD78E /* LaunchScreen.xib in Resources */ = {isa = PBXBuildFile; fileRef = 3B5A41CD1B248BBB00EBD78E /* LaunchScreen.xib */; };
		3B5A41DB1B248BBB00EBD78E /* iOS_7funsTests.swift in Sources */ = {isa = PBXBuildFile; fileRef = 3B5A41DA1B248BBB00EBD78E /* iOS_7funsTests.swift */; };
		3B5A41E51B248BCA00EBD78E /* .gitignore in Resources */ = {isa = PBXBuildFile; fileRef = 3B5A41E41B248BCA00EBD78E /* .gitignore */; };
		3B5A41E71B248C5400EBD78E /* Cartfile in Resources */ = {isa = PBXBuildFile; fileRef = 3B5A41E61B248C5400EBD78E /* Cartfile */; };
		3B9338FE1B24A1D0000C7AAC /* MainViewController.swift in Sources */ = {isa = PBXBuildFile; fileRef = 3B9338FD1B24A1D0000C7AAC /* MainViewController.swift */; };
		3B9339001B24A1E4000C7AAC /* SecondViewController.swift in Sources */ = {isa = PBXBuildFile; fileRef = 3B9338FF1B24A1E4000C7AAC /* SecondViewController.swift */; };
		3B9339061B24A3AB000C7AAC /* Main.storyboard in Resources */ = {isa = PBXBuildFile; fileRef = 3B9339051B24A3AB000C7AAC /* Main.storyboard */; };
/* End PBXBuildFile section */

/* Begin PBXContainerItemProxy section */
		3B5A41D51B248BBB00EBD78E /* PBXContainerItemProxy */ = {
			isa = PBXContainerItemProxy;
			containerPortal = 3B5A41B71B248BBB00EBD78E /* Project object */;
			proxyType = 1;
			remoteGlobalIDString = 3B5A41BE1B248BBB00EBD78E;
			remoteInfo = "iOS-7funs";
		};
/* End PBXContainerItemProxy section */

/* Begin PBXFileReference section */
		0997B5FF1B32C442000534BE /* Dish.swift */ = {isa = PBXFileReference; fileEncoding = 4; lastKnownFileType = sourcecode.swift; path = Dish.swift; sourceTree = "<group>"; };
		0997B6011B32C4E7000534BE /* RecipesTableViewController.swift */ = {isa = PBXFileReference; fileEncoding = 4; lastKnownFileType = sourcecode.swift; path = RecipesTableViewController.swift; sourceTree = "<group>"; };
		0997B6031B32C664000534BE /* RecipesDishTableViewCell.swift */ = {isa = PBXFileReference; fileEncoding = 4; lastKnownFileType = sourcecode.swift; path = RecipesDishTableViewCell.swift; sourceTree = "<group>"; };
		0997B6061B3672F6000534BE /* RecipesVideoViewController.swift */ = {isa = PBXFileReference; fileEncoding = 4; lastKnownFileType = sourcecode.swift; path = RecipesVideoViewController.swift; sourceTree = "<group>"; };
		0997B6081B36749D000534BE /* iOS-7funs-Bridging-Header.h */ = {isa = PBXFileReference; lastKnownFileType = sourcecode.c.h; path = "iOS-7funs-Bridging-Header.h"; sourceTree = "<group>"; };
		3B0ADD421B29298000692ABE /* Videos.storyboard */ = {isa = PBXFileReference; fileEncoding = 4; lastKnownFileType = file.storyboard; path = Videos.storyboard; sourceTree = "<group>"; };
		3B0ADD441B29299000692ABE /* Recipes.storyboard */ = {isa = PBXFileReference; fileEncoding = 4; lastKnownFileType = file.storyboard; path = Recipes.storyboard; sourceTree = "<group>"; };
		3B0ADD461B29299D00692ABE /* Collections.storyboard */ = {isa = PBXFileReference; fileEncoding = 4; lastKnownFileType = file.storyboard; path = Collections.storyboard; sourceTree = "<group>"; };
		3B0ADD481B2929A900692ABE /* QandA.storyboard */ = {isa = PBXFileReference; fileEncoding = 4; lastKnownFileType = file.storyboard; path = QandA.storyboard; sourceTree = "<group>"; };
		3B0ADD4A1B2929B700692ABE /* ExternalLinks.storyboard */ = {isa = PBXFileReference; fileEncoding = 4; lastKnownFileType = file.storyboard; path = ExternalLinks.storyboard; sourceTree = "<group>"; };
		3B0ADD4C1B2929C800692ABE /* Scratchcard.storyboard */ = {isa = PBXFileReference; fileEncoding = 4; lastKnownFileType = file.storyboard; path = Scratchcard.storyboard; sourceTree = "<group>"; };
		3B0ADD4E1B292E4600692ABE /* VideosViewController.swift */ = {isa = PBXFileReference; fileEncoding = 4; lastKnownFileType = sourcecode.swift; path = VideosViewController.swift; sourceTree = "<group>"; };
		3B0ADD501B292E5300692ABE /* ShowInfoViewController.swift */ = {isa = PBXFileReference; fileEncoding = 4; lastKnownFileType = sourcecode.swift; path = ShowInfoViewController.swift; sourceTree = "<group>"; };
		3B0ADD521B292E5C00692ABE /* RecipesViewController.swift */ = {isa = PBXFileReference; fileEncoding = 4; lastKnownFileType = sourcecode.swift; path = RecipesViewController.swift; sourceTree = "<group>"; };
		3B0ADD541B292E6500692ABE /* CollectionsViewController.swift */ = {isa = PBXFileReference; fileEncoding = 4; lastKnownFileType = sourcecode.swift; path = CollectionsViewController.swift; sourceTree = "<group>"; };
		3B0ADD561B292E6D00692ABE /* QandAViewController.swift */ = {isa = PBXFileReference; fileEncoding = 4; lastKnownFileType = sourcecode.swift; path = QandAViewController.swift; sourceTree = "<group>"; };
		3B0ADD581B292E7600692ABE /* ExternalLinksViewController.swift */ = {isa = PBXFileReference; fileEncoding = 4; lastKnownFileType = sourcecode.swift; path = ExternalLinksViewController.swift; sourceTree = "<group>"; };
		3B0ADD5A1B292E8300692ABE /* ScratchcardViewController.swift */ = {isa = PBXFileReference; fileEncoding = 4; lastKnownFileType = sourcecode.swift; path = ScratchcardViewController.swift; sourceTree = "<group>"; };
		3B1FDEB31B370AC100A41EE4 /* ShowInfoTabBarViewController.swift */ = {isa = PBXFileReference; fileEncoding = 4; lastKnownFileType = sourcecode.swift; path = ShowInfoTabBarViewController.swift; sourceTree = "<group>"; };
		3B1FDEB51B370BC200A41EE4 /* TeacherInfoViewController.swift */ = {isa = PBXFileReference; fileEncoding = 4; lastKnownFileType = sourcecode.swift; path = TeacherInfoViewController.swift; sourceTree = "<group>"; };
		3B3AD71C1B293CF700B3498A /* SwiftyJSON.framework */ = {isa = PBXFileReference; lastKnownFileType = wrapper.framework; name = SwiftyJSON.framework; path = Carthage/Build/iOS/SwiftyJSON.framework; sourceTree = "<group>"; };
		3B4A56C71B27BB5900B35466 /* Alamofire.framework */ = {isa = PBXFileReference; lastKnownFileType = wrapper.framework; name = Alamofire.framework; path = Carthage/Build/iOS/Alamofire.framework; sourceTree = "<group>"; };
		3B4A56CB1B27BB8300B35466 /* Realm.framework */ = {isa = PBXFileReference; lastKnownFileType = wrapper.framework; name = Realm.framework; path = Carthage/Build/iOS/Realm.framework; sourceTree = "<group>"; };
		3B4A56CD1B27BB8600B35466 /* RealmSwift.framework */ = {isa = PBXFileReference; lastKnownFileType = wrapper.framework; name = RealmSwift.framework; path = Carthage/Build/iOS/RealmSwift.framework; sourceTree = "<group>"; };
		3B4A56CF1B27BB8B00B35466 /* XCDYouTubeKit.framework */ = {isa = PBXFileReference; lastKnownFileType = wrapper.framework; name = XCDYouTubeKit.framework; path = Carthage/Build/iOS/XCDYouTubeKit.framework; sourceTree = "<group>"; };
		3B4A56D31B27C53700B35466 /* ShowInfo.storyboard */ = {isa = PBXFileReference; fileEncoding = 4; lastKnownFileType = file.storyboard; path = ShowInfo.storyboard; sourceTree = "<group>"; };
		3B5A41BF1B248BBB00EBD78E /* iOS-7funs.app */ = {isa = PBXFileReference; explicitFileType = wrapper.application; includeInIndex = 0; path = "iOS-7funs.app"; sourceTree = BUILT_PRODUCTS_DIR; };
		3B5A41C31B248BBB00EBD78E /* Info.plist */ = {isa = PBXFileReference; lastKnownFileType = text.plist.xml; path = Info.plist; sourceTree = "<group>"; };
		3B5A41C41B248BBB00EBD78E /* AppDelegate.swift */ = {isa = PBXFileReference; lastKnownFileType = sourcecode.swift; path = AppDelegate.swift; sourceTree = "<group>"; };
		3B5A41CB1B248BBB00EBD78E /* Images.xcassets */ = {isa = PBXFileReference; lastKnownFileType = folder.assetcatalog; path = Images.xcassets; sourceTree = "<group>"; };
		3B5A41CE1B248BBB00EBD78E /* Base */ = {isa = PBXFileReference; lastKnownFileType = file.xib; name = Base; path = Base.lproj/LaunchScreen.xib; sourceTree = "<group>"; };
		3B5A41D41B248BBB00EBD78E /* iOS-7funsTests.xctest */ = {isa = PBXFileReference; explicitFileType = wrapper.cfbundle; includeInIndex = 0; path = "iOS-7funsTests.xctest"; sourceTree = BUILT_PRODUCTS_DIR; };
		3B5A41D91B248BBB00EBD78E /* Info.plist */ = {isa = PBXFileReference; lastKnownFileType = text.plist.xml; path = Info.plist; sourceTree = "<group>"; };
		3B5A41DA1B248BBB00EBD78E /* iOS_7funsTests.swift */ = {isa = PBXFileReference; lastKnownFileType = sourcecode.swift; path = iOS_7funsTests.swift; sourceTree = "<group>"; };
		3B5A41E41B248BCA00EBD78E /* .gitignore */ = {isa = PBXFileReference; fileEncoding = 4; lastKnownFileType = text; path = .gitignore; sourceTree = "<group>"; };
		3B5A41E61B248C5400EBD78E /* Cartfile */ = {isa = PBXFileReference; fileEncoding = 4; lastKnownFileType = text; path = Cartfile; sourceTree = "<group>"; };
		3B9338FD1B24A1D0000C7AAC /* MainViewController.swift */ = {isa = PBXFileReference; fileEncoding = 4; lastKnownFileType = sourcecode.swift; path = MainViewController.swift; sourceTree = "<group>"; };
		3B9338FF1B24A1E4000C7AAC /* SecondViewController.swift */ = {isa = PBXFileReference; fileEncoding = 4; lastKnownFileType = sourcecode.swift; path = SecondViewController.swift; sourceTree = "<group>"; };
		3B9339051B24A3AB000C7AAC /* Main.storyboard */ = {isa = PBXFileReference; fileEncoding = 4; lastKnownFileType = file.storyboard; path = Main.storyboard; sourceTree = "<group>"; };
/* End PBXFileReference section */

/* Begin PBXFrameworksBuildPhase section */
		3B5A41BC1B248BBB00EBD78E /* Frameworks */ = {
			isa = PBXFrameworksBuildPhase;
			buildActionMask = 2147483647;
			files = (
				3B4A56CA1B27BB7C00B35466 /* Alamofire.framework in Frameworks */,
				3B4A56CC1B27BB8300B35466 /* Realm.framework in Frameworks */,
				3B4A56CE1B27BB8600B35466 /* RealmSwift.framework in Frameworks */,
				3B4A56D01B27BB8B00B35466 /* XCDYouTubeKit.framework in Frameworks */,
				3B3AD71D1B293CF700B3498A /* SwiftyJSON.framework in Frameworks */,
			);
			runOnlyForDeploymentPostprocessing = 0;
		};
		3B5A41D11B248BBB00EBD78E /* Frameworks */ = {
			isa = PBXFrameworksBuildPhase;
			buildActionMask = 2147483647;
			files = (
			);
			runOnlyForDeploymentPostprocessing = 0;
		};
/* End PBXFrameworksBuildPhase section */

/* Begin PBXGroup section */
		0997B5FE1B32C428000534BE /* Models */ = {
			isa = PBXGroup;
			children = (
				0997B5FF1B32C442000534BE /* Dish.swift */,
			);
			name = Models;
			sourceTree = "<group>";
		};
		3B2401261B283FD200D3304D /* Videos */ = {
			isa = PBXGroup;
			children = (
				3B0ADD421B29298000692ABE /* Videos.storyboard */,
				3B0ADD4E1B292E4600692ABE /* VideosViewController.swift */,
			);
			name = Videos;
			sourceTree = "<group>";
		};
		3B2401271B283FDF00D3304D /* Recipes */ = {
			isa = PBXGroup;
			children = (
				3B0ADD441B29299000692ABE /* Recipes.storyboard */,
				3B0ADD521B292E5C00692ABE /* RecipesViewController.swift */,
				0997B6011B32C4E7000534BE /* RecipesTableViewController.swift */,
				0997B6031B32C664000534BE /* RecipesDishTableViewCell.swift */,
				0997B6061B3672F6000534BE /* RecipesVideoViewController.swift */,
			);
			name = Recipes;
			sourceTree = "<group>";
		};
		3B2401281B283FE700D3304D /* Collections */ = {
			isa = PBXGroup;
			children = (
				3B0ADD461B29299D00692ABE /* Collections.storyboard */,
				3B0ADD541B292E6500692ABE /* CollectionsViewController.swift */,
			);
			name = Collections;
			sourceTree = "<group>";
		};
		3B2401291B283FED00D3304D /* QandA */ = {
			isa = PBXGroup;
			children = (
				3B0ADD481B2929A900692ABE /* QandA.storyboard */,
				3B0ADD561B292E6D00692ABE /* QandAViewController.swift */,
			);
			name = QandA;
			sourceTree = "<group>";
		};
		3B24012A1B283FF200D3304D /* ExternalLinks */ = {
			isa = PBXGroup;
			children = (
				3B0ADD4A1B2929B700692ABE /* ExternalLinks.storyboard */,
				3B0ADD581B292E7600692ABE /* ExternalLinksViewController.swift */,
			);
			name = ExternalLinks;
			sourceTree = "<group>";
		};
		3B24012B1B283FF700D3304D /* Scratchcard */ = {
			isa = PBXGroup;
			children = (
				3B0ADD4C1B2929C800692ABE /* Scratchcard.storyboard */,
				3B0ADD5A1B292E8300692ABE /* ScratchcardViewController.swift */,
			);
			name = Scratchcard;
			sourceTree = "<group>";
		};
		3B4A56C91B27BB6900B35466 /* Frameworks */ = {
			isa = PBXGroup;
			children = (
				3B3AD71C1B293CF700B3498A /* SwiftyJSON.framework */,
				3B4A56CF1B27BB8B00B35466 /* XCDYouTubeKit.framework */,
				3B4A56CD1B27BB8600B35466 /* RealmSwift.framework */,
				3B4A56CB1B27BB8300B35466 /* Realm.framework */,
				3B4A56C71B27BB5900B35466 /* Alamofire.framework */,
			);
			name = Frameworks;
			sourceTree = "<group>";
		};
		3B4A56D21B27C31600B35466 /* Show Info */ = {
			isa = PBXGroup;
			children = (
				3B4A56D31B27C53700B35466 /* ShowInfo.storyboard */,
				3B0ADD501B292E5300692ABE /* ShowInfoViewController.swift */,
				3B1FDEB31B370AC100A41EE4 /* ShowInfoTabBarViewController.swift */,
				3B1FDEB51B370BC200A41EE4 /* TeacherInfoViewController.swift */,
			);
			name = "Show Info";
			sourceTree = "<group>";
		};
		3B5A41B61B248BBB00EBD78E = {
			isa = PBXGroup;
			children = (
				3B5A41E61B248C5400EBD78E /* Cartfile */,
				3B5A41E41B248BCA00EBD78E /* .gitignore */,
				3B5A41C11B248BBB00EBD78E /* iOS-7funs */,
				3B5A41D71B248BBB00EBD78E /* iOS-7funsTests */,
				3B5A41C01B248BBB00EBD78E /* Products */,
				3B4A56C91B27BB6900B35466 /* Frameworks */,
			);
			sourceTree = "<group>";
		};
		3B5A41C01B248BBB00EBD78E /* Products */ = {
			isa = PBXGroup;
			children = (
				3B5A41BF1B248BBB00EBD78E /* iOS-7funs.app */,
				3B5A41D41B248BBB00EBD78E /* iOS-7funsTests.xctest */,
			);
			name = Products;
			sourceTree = "<group>";
		};
		3B5A41C11B248BBB00EBD78E /* iOS-7funs */ = {
			isa = PBXGroup;
			children = (
				0997B5FE1B32C428000534BE /* Models */,
				3B4A56D21B27C31600B35466 /* Show Info */,
				3B2401261B283FD200D3304D /* Videos */,
				3B2401271B283FDF00D3304D /* Recipes */,
				3B2401281B283FE700D3304D /* Collections */,
				3B2401291B283FED00D3304D /* QandA */,
				3B24012A1B283FF200D3304D /* ExternalLinks */,
				3B24012B1B283FF700D3304D /* Scratchcard */,
				3B5A41C21B248BBB00EBD78E /* Supporting Files */,
				3B9338FD1B24A1D0000C7AAC /* MainViewController.swift */,
				3B9338FF1B24A1E4000C7AAC /* SecondViewController.swift */,
				3B9339051B24A3AB000C7AAC /* Main.storyboard */,
			);
			path = "iOS-7funs";
			sourceTree = "<group>";
		};
		3B5A41C21B248BBB00EBD78E /* Supporting Files */ = {
			isa = PBXGroup;
			children = (
				3B5A41CB1B248BBB00EBD78E /* Images.xcassets */,
				3B5A41CD1B248BBB00EBD78E /* LaunchScreen.xib */,
				3B5A41C41B248BBB00EBD78E /* AppDelegate.swift */,
				3B5A41C31B248BBB00EBD78E /* Info.plist */,
				0997B6081B36749D000534BE /* iOS-7funs-Bridging-Header.h */,
			);
			name = "Supporting Files";
			sourceTree = "<group>";
		};
		3B5A41D71B248BBB00EBD78E /* iOS-7funsTests */ = {
			isa = PBXGroup;
			children = (
				3B5A41DA1B248BBB00EBD78E /* iOS_7funsTests.swift */,
				3B5A41D81B248BBB00EBD78E /* Supporting Files */,
			);
			path = "iOS-7funsTests";
			sourceTree = "<group>";
		};
		3B5A41D81B248BBB00EBD78E /* Supporting Files */ = {
			isa = PBXGroup;
			children = (
				3B5A41D91B248BBB00EBD78E /* Info.plist */,
			);
			name = "Supporting Files";
			sourceTree = "<group>";
		};
/* End PBXGroup section */

/* Begin PBXNativeTarget section */
		3B5A41BE1B248BBB00EBD78E /* iOS-7funs */ = {
			isa = PBXNativeTarget;
			buildConfigurationList = 3B5A41DE1B248BBB00EBD78E /* Build configuration list for PBXNativeTarget "iOS-7funs" */;
			buildPhases = (
				3B5A41BB1B248BBB00EBD78E /* Sources */,
				3B5A41BC1B248BBB00EBD78E /* Frameworks */,
				3B5A41BD1B248BBB00EBD78E /* Resources */,
				3B4A56D11B27BBB600B35466 /* ShellScript */,
			);
			buildRules = (
			);
			dependencies = (
			);
			name = "iOS-7funs";
			productName = "iOS-7funs";
			productReference = 3B5A41BF1B248BBB00EBD78E /* iOS-7funs.app */;
			productType = "com.apple.product-type.application";
		};
		3B5A41D31B248BBB00EBD78E /* iOS-7funsTests */ = {
			isa = PBXNativeTarget;
			buildConfigurationList = 3B5A41E11B248BBB00EBD78E /* Build configuration list for PBXNativeTarget "iOS-7funsTests" */;
			buildPhases = (
				3B5A41D01B248BBB00EBD78E /* Sources */,
				3B5A41D11B248BBB00EBD78E /* Frameworks */,
				3B5A41D21B248BBB00EBD78E /* Resources */,
			);
			buildRules = (
			);
			dependencies = (
				3B5A41D61B248BBB00EBD78E /* PBXTargetDependency */,
			);
			name = "iOS-7funsTests";
			productName = "iOS-7funsTests";
			productReference = 3B5A41D41B248BBB00EBD78E /* iOS-7funsTests.xctest */;
			productType = "com.apple.product-type.bundle.unit-test";
		};
/* End PBXNativeTarget section */

/* Begin PBXProject section */
		3B5A41B71B248BBB00EBD78E /* Project object */ = {
			isa = PBXProject;
			attributes = {
				LastUpgradeCheck = 0630;
				ORGANIZATIONNAME = giantcroissant;
				TargetAttributes = {
					3B5A41BE1B248BBB00EBD78E = {
						CreatedOnToolsVersion = 6.3.2;
					};
					3B5A41D31B248BBB00EBD78E = {
						CreatedOnToolsVersion = 6.3.2;
						TestTargetID = 3B5A41BE1B248BBB00EBD78E;
					};
				};
			};
			buildConfigurationList = 3B5A41BA1B248BBB00EBD78E /* Build configuration list for PBXProject "iOS-7funs" */;
			compatibilityVersion = "Xcode 3.2";
			developmentRegion = English;
			hasScannedForEncodings = 0;
			knownRegions = (
				en,
				Base,
			);
			mainGroup = 3B5A41B61B248BBB00EBD78E;
			productRefGroup = 3B5A41C01B248BBB00EBD78E /* Products */;
			projectDirPath = "";
			projectRoot = "";
			targets = (
				3B5A41BE1B248BBB00EBD78E /* iOS-7funs */,
				3B5A41D31B248BBB00EBD78E /* iOS-7funsTests */,
			);
		};
/* End PBXProject section */

/* Begin PBXResourcesBuildPhase section */
		3B5A41BD1B248BBB00EBD78E /* Resources */ = {
			isa = PBXResourcesBuildPhase;
			buildActionMask = 2147483647;
			files = (
				3B5A41E71B248C5400EBD78E /* Cartfile in Resources */,
				3B9339061B24A3AB000C7AAC /* Main.storyboard in Resources */,
				3B0ADD491B2929A900692ABE /* QandA.storyboard in Resources */,
				3B0ADD4D1B2929C900692ABE /* Scratchcard.storyboard in Resources */,
				3B0ADD4B1B2929B700692ABE /* ExternalLinks.storyboard in Resources */,
				3B5A41E51B248BCA00EBD78E /* .gitignore in Resources */,
				3B4A56D41B27C53700B35466 /* ShowInfo.storyboard in Resources */,
				3B0ADD451B29299000692ABE /* Recipes.storyboard in Resources */,
				3B0ADD471B29299D00692ABE /* Collections.storyboard in Resources */,
				3B5A41CF1B248BBB00EBD78E /* LaunchScreen.xib in Resources */,
				3B5A41CC1B248BBB00EBD78E /* Images.xcassets in Resources */,
				3B0ADD431B29298000692ABE /* Videos.storyboard in Resources */,
			);
			runOnlyForDeploymentPostprocessing = 0;
		};
		3B5A41D21B248BBB00EBD78E /* Resources */ = {
			isa = PBXResourcesBuildPhase;
			buildActionMask = 2147483647;
			files = (
			);
			runOnlyForDeploymentPostprocessing = 0;
		};
/* End PBXResourcesBuildPhase section */

/* Begin PBXShellScriptBuildPhase section */
		3B4A56D11B27BBB600B35466 /* ShellScript */ = {
			isa = PBXShellScriptBuildPhase;
			buildActionMask = 2147483647;
			files = (
			);
			inputPaths = (
				"$(SRCROOT)/Carthage/Build/iOS/Alamofire.framework",
				"$(SRCROOT)/Carthage/Build/iOS/Realm.framework",
				"$(SRCROOT)/Carthage/Build/iOS/RealmSwift.framework",
				"$(SRCROOT)/Carthage/Build/iOS/XCDYouTubeKit.framework",
				"$(SRCROOT)/Carthage/Build/iOS/SwiftyJSON.framework",
			);
			outputPaths = (
			);
			runOnlyForDeploymentPostprocessing = 0;
			shellPath = "/usr/local/bin/carthage copy-frameworks";
			shellScript = "";
		};
/* End PBXShellScriptBuildPhase section */

/* Begin PBXSourcesBuildPhase section */
		3B5A41BB1B248BBB00EBD78E /* Sources */ = {
			isa = PBXSourcesBuildPhase;
			buildActionMask = 2147483647;
			files = (
				0997B6071B3672F6000534BE /* RecipesVideoViewController.swift in Sources */,
				3B1FDEB61B370BC200A41EE4 /* TeacherInfoViewController.swift in Sources */,
				3B0ADD571B292E6D00692ABE /* QandAViewController.swift in Sources */,
				3B0ADD591B292E7600692ABE /* ExternalLinksViewController.swift in Sources */,
				0997B6001B32C442000534BE /* Dish.swift in Sources */,
				3B0ADD551B292E6500692ABE /* CollectionsViewController.swift in Sources */,
				3B0ADD5B1B292E8300692ABE /* ScratchcardViewController.swift in Sources */,
				3B9339001B24A1E4000C7AAC /* SecondViewController.swift in Sources */,
				3B5A41C51B248BBB00EBD78E /* AppDelegate.swift in Sources */,
				3B0ADD511B292E5300692ABE /* ShowInfoViewController.swift in Sources */,
				3B1FDEB41B370AC100A41EE4 /* ShowInfoTabBarViewController.swift in Sources */,
				0997B6041B32C664000534BE /* RecipesDishTableViewCell.swift in Sources */,
				3B0ADD4F1B292E4600692ABE /* VideosViewController.swift in Sources */,
				3B0ADD531B292E5C00692ABE /* RecipesViewController.swift in Sources */,
				0997B6021B32C4E7000534BE /* RecipesTableViewController.swift in Sources */,
				3B9338FE1B24A1D0000C7AAC /* MainViewController.swift in Sources */,
			);
			runOnlyForDeploymentPostprocessing = 0;
		};
		3B5A41D01B248BBB00EBD78E /* Sources */ = {
			isa = PBXSourcesBuildPhase;
			buildActionMask = 2147483647;
			files = (
				3B5A41DB1B248BBB00EBD78E /* iOS_7funsTests.swift in Sources */,
			);
			runOnlyForDeploymentPostprocessing = 0;
		};
/* End PBXSourcesBuildPhase section */

/* Begin PBXTargetDependency section */
		3B5A41D61B248BBB00EBD78E /* PBXTargetDependency */ = {
			isa = PBXTargetDependency;
			target = 3B5A41BE1B248BBB00EBD78E /* iOS-7funs */;
			targetProxy = 3B5A41D51B248BBB00EBD78E /* PBXContainerItemProxy */;
		};
/* End PBXTargetDependency section */

/* Begin PBXVariantGroup section */
		3B5A41CD1B248BBB00EBD78E /* LaunchScreen.xib */ = {
			isa = PBXVariantGroup;
			children = (
				3B5A41CE1B248BBB00EBD78E /* Base */,
			);
			name = LaunchScreen.xib;
			sourceTree = "<group>";
		};
/* End PBXVariantGroup section */

/* Begin XCBuildConfiguration section */
		3B5A41DC1B248BBB00EBD78E /* Debug */ = {
			isa = XCBuildConfiguration;
			buildSettings = {
				ALWAYS_SEARCH_USER_PATHS = NO;
				CLANG_CXX_LANGUAGE_STANDARD = "gnu++0x";
				CLANG_CXX_LIBRARY = "libc++";
				CLANG_ENABLE_MODULES = YES;
				CLANG_ENABLE_OBJC_ARC = YES;
				CLANG_WARN_BOOL_CONVERSION = YES;
				CLANG_WARN_CONSTANT_CONVERSION = YES;
				CLANG_WARN_DIRECT_OBJC_ISA_USAGE = YES_ERROR;
				CLANG_WARN_EMPTY_BODY = YES;
				CLANG_WARN_ENUM_CONVERSION = YES;
				CLANG_WARN_INT_CONVERSION = YES;
				CLANG_WARN_OBJC_ROOT_CLASS = YES_ERROR;
				CLANG_WARN_UNREACHABLE_CODE = YES;
				CLANG_WARN__DUPLICATE_METHOD_MATCH = YES;
				"CODE_SIGN_IDENTITY[sdk=iphoneos*]" = "iPhone Developer";
				COPY_PHASE_STRIP = NO;
				DEBUG_INFORMATION_FORMAT = "dwarf-with-dsym";
				ENABLE_STRICT_OBJC_MSGSEND = YES;
				GCC_C_LANGUAGE_STANDARD = gnu99;
				GCC_DYNAMIC_NO_PIC = NO;
				GCC_NO_COMMON_BLOCKS = YES;
				GCC_OPTIMIZATION_LEVEL = 0;
				GCC_PREPROCESSOR_DEFINITIONS = (
					"DEBUG=1",
					"$(inherited)",
				);
				GCC_SYMBOLS_PRIVATE_EXTERN = NO;
				GCC_WARN_64_TO_32_BIT_CONVERSION = YES;
				GCC_WARN_ABOUT_RETURN_TYPE = YES_ERROR;
				GCC_WARN_UNDECLARED_SELECTOR = YES;
				GCC_WARN_UNINITIALIZED_AUTOS = YES_AGGRESSIVE;
				GCC_WARN_UNUSED_FUNCTION = YES;
				GCC_WARN_UNUSED_VARIABLE = YES;
				IPHONEOS_DEPLOYMENT_TARGET = 8.3;
				MTL_ENABLE_DEBUG_INFO = YES;
				ONLY_ACTIVE_ARCH = YES;
				SDKROOT = iphoneos;
				SWIFT_OPTIMIZATION_LEVEL = "-Onone";
			};
			name = Debug;
		};
		3B5A41DD1B248BBB00EBD78E /* Release */ = {
			isa = XCBuildConfiguration;
			buildSettings = {
				ALWAYS_SEARCH_USER_PATHS = NO;
				CLANG_CXX_LANGUAGE_STANDARD = "gnu++0x";
				CLANG_CXX_LIBRARY = "libc++";
				CLANG_ENABLE_MODULES = YES;
				CLANG_ENABLE_OBJC_ARC = YES;
				CLANG_WARN_BOOL_CONVERSION = YES;
				CLANG_WARN_CONSTANT_CONVERSION = YES;
				CLANG_WARN_DIRECT_OBJC_ISA_USAGE = YES_ERROR;
				CLANG_WARN_EMPTY_BODY = YES;
				CLANG_WARN_ENUM_CONVERSION = YES;
				CLANG_WARN_INT_CONVERSION = YES;
				CLANG_WARN_OBJC_ROOT_CLASS = YES_ERROR;
				CLANG_WARN_UNREACHABLE_CODE = YES;
				CLANG_WARN__DUPLICATE_METHOD_MATCH = YES;
				"CODE_SIGN_IDENTITY[sdk=iphoneos*]" = "iPhone Developer";
				COPY_PHASE_STRIP = NO;
				DEBUG_INFORMATION_FORMAT = "dwarf-with-dsym";
				ENABLE_NS_ASSERTIONS = NO;
				ENABLE_STRICT_OBJC_MSGSEND = YES;
				GCC_C_LANGUAGE_STANDARD = gnu99;
				GCC_NO_COMMON_BLOCKS = YES;
				GCC_WARN_64_TO_32_BIT_CONVERSION = YES;
				GCC_WARN_ABOUT_RETURN_TYPE = YES_ERROR;
				GCC_WARN_UNDECLARED_SELECTOR = YES;
				GCC_WARN_UNINITIALIZED_AUTOS = YES_AGGRESSIVE;
				GCC_WARN_UNUSED_FUNCTION = YES;
				GCC_WARN_UNUSED_VARIABLE = YES;
				IPHONEOS_DEPLOYMENT_TARGET = 8.3;
				MTL_ENABLE_DEBUG_INFO = NO;
				SDKROOT = iphoneos;
				VALIDATE_PRODUCT = YES;
			};
			name = Release;
		};
		3B5A41DF1B248BBB00EBD78E /* Debug */ = {
			isa = XCBuildConfiguration;
			buildSettings = {
				ASSETCATALOG_COMPILER_APPICON_NAME = AppIcon;
				FRAMEWORK_SEARCH_PATHS = (
					"$(inherited)",
					"$(PROJECT_DIR)/Carthage/Build/iOS",
				);
				INFOPLIST_FILE = "iOS-7funs/Info.plist";
				LD_RUNPATH_SEARCH_PATHS = "$(inherited) @executable_path/Frameworks";
				PRODUCT_NAME = "$(TARGET_NAME)";
				SWIFT_OBJC_BRIDGING_HEADER = "iOS-7funs/iOS-7funs-Bridging-Header.h";
			};
			name = Debug;
		};
		3B5A41E01B248BBB00EBD78E /* Release */ = {
			isa = XCBuildConfiguration;
			buildSettings = {
				ASSETCATALOG_COMPILER_APPICON_NAME = AppIcon;
				FRAMEWORK_SEARCH_PATHS = (
					"$(inherited)",
					"$(PROJECT_DIR)/Carthage/Build/iOS",
				);
				INFOPLIST_FILE = "iOS-7funs/Info.plist";
				LD_RUNPATH_SEARCH_PATHS = "$(inherited) @executable_path/Frameworks";
				PRODUCT_NAME = "$(TARGET_NAME)";
				SWIFT_OBJC_BRIDGING_HEADER = "iOS-7funs/iOS-7funs-Bridging-Header.h";
			};
			name = Release;
		};
		3B5A41E21B248BBB00EBD78E /* Debug */ = {
			isa = XCBuildConfiguration;
			buildSettings = {
				BUNDLE_LOADER = "$(TEST_HOST)";
				FRAMEWORK_SEARCH_PATHS = (
					"$(SDKROOT)/Developer/Library/Frameworks",
					"$(inherited)",
				);
				GCC_PREPROCESSOR_DEFINITIONS = (
					"DEBUG=1",
					"$(inherited)",
				);
				INFOPLIST_FILE = "iOS-7funsTests/Info.plist";
				LD_RUNPATH_SEARCH_PATHS = "$(inherited) @executable_path/Frameworks @loader_path/Frameworks";
				PRODUCT_NAME = "$(TARGET_NAME)";
				TEST_HOST = "$(BUILT_PRODUCTS_DIR)/iOS-7funs.app/iOS-7funs";
			};
			name = Debug;
		};
		3B5A41E31B248BBB00EBD78E /* Release */ = {
			isa = XCBuildConfiguration;
			buildSettings = {
				BUNDLE_LOADER = "$(TEST_HOST)";
				FRAMEWORK_SEARCH_PATHS = (
					"$(SDKROOT)/Developer/Library/Frameworks",
					"$(inherited)",
				);
				INFOPLIST_FILE = "iOS-7funsTests/Info.plist";
				LD_RUNPATH_SEARCH_PATHS = "$(inherited) @executable_path/Frameworks @loader_path/Frameworks";
				PRODUCT_NAME = "$(TARGET_NAME)";
				TEST_HOST = "$(BUILT_PRODUCTS_DIR)/iOS-7funs.app/iOS-7funs";
			};
			name = Release;
		};
/* End XCBuildConfiguration section */

/* Begin XCConfigurationList section */
		3B5A41BA1B248BBB00EBD78E /* Build configuration list for PBXProject "iOS-7funs" */ = {
			isa = XCConfigurationList;
			buildConfigurations = (
				3B5A41DC1B248BBB00EBD78E /* Debug */,
				3B5A41DD1B248BBB00EBD78E /* Release */,
			);
			defaultConfigurationIsVisible = 0;
			defaultConfigurationName = Release;
		};
		3B5A41DE1B248BBB00EBD78E /* Build configuration list for PBXNativeTarget "iOS-7funs" */ = {
			isa = XCConfigurationList;
			buildConfigurations = (
				3B5A41DF1B248BBB00EBD78E /* Debug */,
				3B5A41E01B248BBB00EBD78E /* Release */,
			);
			defaultConfigurationIsVisible = 0;
			defaultConfigurationName = Release;
		};
		3B5A41E11B248BBB00EBD78E /* Build configuration list for PBXNativeTarget "iOS-7funsTests" */ = {
			isa = XCConfigurationList;
			buildConfigurations = (
				3B5A41E21B248BBB00EBD78E /* Debug */,
				3B5A41E31B248BBB00EBD78E /* Release */,
			);
			defaultConfigurationIsVisible = 0;
			defaultConfigurationName = Release;
		};
/* End XCConfigurationList section */
	};
	rootObject = 3B5A41B71B248BBB00EBD78E /* Project object */;
}
